
Microsoft Visual Studio Solution File, Format Version 12.00
# Visual Studio Version 17
VisualStudioVersion = 17.8.34309.116
MinimumVisualStudioVersion = 10.0.40219.1
Project("{9A19103F-16F7-4668-BE54-9A1E7A4F7556}") = "UnivercityDB", "UnivercityDB\UnivercityDB\UnivercityDB.csproj", "{DDE98DA6-BAB3-4AFF-BB64-486B4663BAC9}"
EndProject
Project("{9A19103F-16F7-4668-BE54-9A1E7A4F7556}") = "UnivercityDB.Client", "UnivercityDB\UnivercityDB.Client\UnivercityDB.Client.csproj", "{B2E92FB8-10E6-4F79-B8AA-3FF595ED2788}"
EndProject
Global
	GlobalSection(SolutionConfigurationPlatforms) = preSolution
		Debug|Any CPU = Debug|Any CPU
		Release|Any CPU = Release|Any CPU
	EndGlobalSection
	GlobalSection(ProjectConfigurationPlatforms) = postSolution
		{DDE98DA6-BAB3-4AFF-BB64-486B4663BAC9}.Debug|Any CPU.ActiveCfg = Debug|Any CPU
		{DDE98DA6-BAB3-4AFF-BB64-486B4663BAC9}.Debug|Any CPU.Build.0 = Debug|Any CPU
		{DDE98DA6-BAB3-4AFF-BB64-486B4663BAC9}.Release|Any CPU.ActiveCfg = Release|Any CPU
		{DDE98DA6-BAB3-4AFF-BB64-486B4663BAC9}.Release|Any CPU.Build.0 = Release|Any CPU
		{B2E92FB8-10E6-4F79-B8AA-3FF595ED2788}.Debug|Any CPU.ActiveCfg = Debug|Any CPU
		{B2E92FB8-10E6-4F79-B8AA-3FF595ED2788}.Debug|Any CPU.Build.0 = Debug|Any CPU
		{B2E92FB8-10E6-4F79-B8AA-3FF595ED2788}.Release|Any CPU.ActiveCfg = Release|Any CPU
		{B2E92FB8-10E6-4F79-B8AA-3FF595ED2788}.Release|Any CPU.Build.0 = Release|Any CPU
	EndGlobalSection
	GlobalSection(SolutionProperties) = preSolution
		HideSolutionNode = FALSE
	EndGlobalSection
	GlobalSection(ExtensibilityGlobals) = postSolution
		SolutionGuid = {4D5BD845-85CE-4A8F-8F73-8F3264C4B241}
	EndGlobalSection
EndGlobal
